
Microsoft Visual Studio Solution File, Format Version 12.00
# Visual Studio Version 17
VisualStudioVersion = 17.0.31903.59
MinimumVisualStudioVersion = 10.0.40219.1
Project("{FAE04EC0-301F-11D3-BF4B-00C04F79EFBC}") = "Microscope.Boilerplate.Clients.CLI", "src\Clients\CLI\Microscope.Boilerplate.Clients.CLI\Microscope.Boilerplate.Clients.CLI.csproj", "{44200DE8-91F0-4F34-940D-A2F136DB17DF}"
EndProject
Project("{2150E333-8FDC-42A3-9474-1A3956D46DE8}") = "Clients", "Clients", "{95A9E4C9-790E-437A-8B79-3F345860078B}"
EndProject
Project("{2150E333-8FDC-42A3-9474-1A3956D46DE8}") = "CLI", "CLI", "{D54756D4-CA39-4522-AEDE-563E94C1C4A5}"
EndProject
Project("{2150E333-8FDC-42A3-9474-1A3956D46DE8}") = "Web", "Web", "{4ABFC523-BA37-44EB-9D42-83A1D0EADA3C}"
EndProject
Project("{FAE04EC0-301F-11D3-BF4B-00C04F79EFBC}") = "Microscope.Boilerplate.Clients.Web.Blazor", "src\Clients\Web\Microscope.Boilerplate.Clients.Web.Blazor\Microscope.Boilerplate.Clients.Web.Blazor.csproj", "{7603B6F9-AF8A-4F22-A927-BED696CF4491}"
EndProject
Project("{2150E333-8FDC-42A3-9474-1A3956D46DE8}") = "Services", "Services", "{D8910B96-F1B1-4BB9-B1D1-71E44CAC9046}"
EndProject
Project("{2150E333-8FDC-42A3-9474-1A3956D46DE8}") = "CrossCutting", "CrossCutting", "{C4777D83-8B0B-4683-82FF-CD0BE83B36CB}"
EndProject
Project("{FAE04EC0-301F-11D3-BF4B-00C04F79EFBC}") = "Microscope.SharedKernel", "src\CrossCutting\Microscope.SharedKernel\Microscope.SharedKernel.csproj", "{667F8943-9076-4300-AADC-3FD92CEA281C}"
EndProject
Project("{2150E333-8FDC-42A3-9474-1A3956D46DE8}") = "TodoApp", "TodoApp", "{D0095CA9-72E1-4CDA-99A9-EF862824C4FA}"
EndProject
Project("{2150E333-8FDC-42A3-9474-1A3956D46DE8}") = "Core", "Core", "{D8171191-3EEE-4EE7-AE22-E2C0AFCC5AE7}"
EndProject
Project("{2150E333-8FDC-42A3-9474-1A3956D46DE8}") = "Infrastructure", "Infrastructure", "{B7A5434F-AC2E-4344-96F4-FF0A766BB0D6}"
EndProject
Project("{2150E333-8FDC-42A3-9474-1A3956D46DE8}") = "Interface", "Interface", "{C901DC44-9A60-4B84-B850-E3FA57971EAB}"
EndProject
Project("{FAE04EC0-301F-11D3-BF4B-00C04F79EFBC}") = "Microscope.Boilerplate.Services.TodoApp.Domain", "src\Services\TodoApp\Core\Microscope.Boilerplate.Services.TodoApp.Domain\Microscope.Boilerplate.Services.TodoApp.Domain.csproj", "{23A7987D-30D3-4DE3-B87A-ED8E6EB52216}"
EndProject
Project("{FAE04EC0-301F-11D3-BF4B-00C04F79EFBC}") = "Microscope.Boilerplate.Services.TodoApp.Infrastructure", "src\Services\TodoApp\Infrastructure\Microscope.Boilerplate.Services.TodoApp.Infrastructure\Microscope.Boilerplate.Services.TodoApp.Infrastructure.csproj", "{F6105CE5-040B-4CB9-8FA9-FD609B00DB64}"
EndProject
Project("{FAE04EC0-301F-11D3-BF4B-00C04F79EFBC}") = "Microscope.Boilerplate.Services.TodoApp.Api", "src\Services\TodoApp\Interface\Microscope.Boilerplate.Services.TodoApp.Api\Microscope.Boilerplate.Services.TodoApp.Api.csproj", "{41E189CE-73A9-45FC-8873-4BA13A9ACE2C}"
EndProject
Project("{FAE04EC0-301F-11D3-BF4B-00C04F79EFBC}") = "Microscope.Boilerplate.Services.TodoApp.Application", "src\Services\TodoApp\Core\Microscope.Boilerplate.Services.TodoApp.Application\Microscope.Boilerplate.Services.TodoApp.Application.csproj", "{9C66A4A6-E002-4D9C-9048-92B2FCF7B93D}"
EndProject
Project("{2150E333-8FDC-42A3-9474-1A3956D46DE8}") = "Tests", "Tests", "{9FCC43FC-4BFB-4CA2-A949-4675DDDFF30F}"
EndProject
Project("{FAE04EC0-301F-11D3-BF4B-00C04F79EFBC}") = "Microscope.Boilerplate.Services.TodoApp.UnitTests", "src\Services\TodoApp\Tests\Microscope.Boilerplate.Services.TodoApp.UnitTests\Microscope.Boilerplate.Services.TodoApp.UnitTests.csproj", "{3E00BE63-128D-40A0-9F21-56D6BD6D80D9}"
EndProject
Project("{FAE04EC0-301F-11D3-BF4B-00C04F79EFBC}") = "Microscope.Boilerplate.Services.TodoApp.ArchitectureTests", "src\Services\TodoApp\Tests\Microscope.Boilerplate.Services.TodoApp.ArchitectureTests\Microscope.Boilerplate.Services.TodoApp.ArchitectureTests.csproj", "{35DD5787-8671-4AE6-9A32-7AD52AB9F13D}"
EndProject
Project("{2150E333-8FDC-42A3-9474-1A3956D46DE8}") = "SDK", "SDK", "{9CC70DEE-9F48-41B7-806D-AC8740857354}"
EndProject
Project("{FAE04EC0-301F-11D3-BF4B-00C04F79EFBC}") = "Microscope.Boilerplate.Clients.SDK.GraphQL", "src\Clients\SDK\Microscope.Boilerplate.Clients.SDK.GraphQL\Microscope.Boilerplate.Clients.SDK.GraphQL.csproj", "{D5E38286-6C3B-42FB-8EF2-A0DF992CFE41}"
EndProject
Project("{FAE04EC0-301F-11D3-BF4B-00C04F79EFBC}") = "Microscope.Boilerplate.Clients.SDK.Rest", "src\Clients\SDK\Microscope.Boilerplate.Clients.SDK.Rest\Microscope.Boilerplate.Clients.SDK.Rest.csproj", "{3E8DA948-8BF1-4D0D-82C1-9977EE1C9CDA}"
EndProject
Project("{2150E333-8FDC-42A3-9474-1A3956D46DE8}") = "BFF", "BFF", "{40B2EBAC-1B97-4DE3-8A03-EA52C58C4814}"
EndProject
Project("{FAE04EC0-301F-11D3-BF4B-00C04F79EFBC}") = "Microscope.Boilerplate.Clients.BFF", "src\Clients\BFF\Microscope.Boilerplate.Clients.BFF\Microscope.Boilerplate.Clients.BFF.csproj", "{A50F13F4-814E-4CC9-BC23-643E35BB7AC6}"
EndProject
Project("{FAE04EC0-301F-11D3-BF4B-00C04F79EFBC}") = "Microscope.Storage", "src\CrossCutting\Microscope.Storage\Microscope.Storage.csproj", "{0EA33E6C-4808-42E2-9D51-70105362E5F8}"
EndProject
Project("{2150E333-8FDC-42A3-9474-1A3956D46DE8}") = "IAC", "IAC", "{2FF5EA81-3304-4028-8455-3B777BEA5CDA}"
EndProject
Project("{2150E333-8FDC-42A3-9474-1A3956D46DE8}") = "Pulumi", "Pulumi", "{3351AD84-B19E-4077-B2A3-E0055B28102C}"
EndProject
Project("{FAE04EC0-301F-11D3-BF4B-00C04F79EFBC}") = "Microscope.Boilerplate.IAC", "src\IAC\Pulumi\Microscope.Boilerplate.IAC\Microscope.Boilerplate.IAC.csproj", "{CE41D5EF-665A-4253-81BF-4D02D51F5ADA}"
EndProject
Project("{2150E333-8FDC-42A3-9474-1A3956D46DE8}") = "Docker", "Docker", "{31817AE5-8F6F-4DF7-8C54-FB2879D9F4C3}"
	ProjectSection(SolutionItems) = preProject
		src\IAC\Docker\docker-compose.yml = src\IAC\Docker\docker-compose.yml
		src\IAC\Docker\init.sql = src\IAC\Docker\init.sql
		src\IAC\Docker\realm-export.json = src\IAC\Docker\realm-export.json
		src\IAC\Docker\docker-compose.arm.yml = src\IAC\Docker\docker-compose.arm.yml
	EndProjectSection
EndProject
Project("{2150E333-8FDC-42A3-9474-1A3956D46DE8}") = "Docs", "Docs", "{2C2C3ADB-8DA0-4165-AEC6-E60527D51F8A}"
EndProject
Project("{FAE04EC0-301F-11D3-BF4B-00C04F79EFBC}") = "Microscope.Boilerplate.Docs", "src\Docs\Microscope.Boilerplate.Docs\Microscope.Boilerplate.Docs.csproj", "{8E11C3BB-A4FF-43C2-A759-12B1057FDF4E}"
EndProject
Global
	GlobalSection(SolutionConfigurationPlatforms) = preSolution
		Debug|Any CPU = Debug|Any CPU
		Release|Any CPU = Release|Any CPU
	EndGlobalSection
	GlobalSection(SolutionProperties) = preSolution
		HideSolutionNode = FALSE
	EndGlobalSection
	GlobalSection(ProjectConfigurationPlatforms) = postSolution
		{44200DE8-91F0-4F34-940D-A2F136DB17DF}.Debug|Any CPU.ActiveCfg = Debug|Any CPU
		{44200DE8-91F0-4F34-940D-A2F136DB17DF}.Debug|Any CPU.Build.0 = Debug|Any CPU
		{44200DE8-91F0-4F34-940D-A2F136DB17DF}.Release|Any CPU.ActiveCfg = Release|Any CPU
		{44200DE8-91F0-4F34-940D-A2F136DB17DF}.Release|Any CPU.Build.0 = Release|Any CPU
		{7603B6F9-AF8A-4F22-A927-BED696CF4491}.Debug|Any CPU.ActiveCfg = Debug|Any CPU
		{7603B6F9-AF8A-4F22-A927-BED696CF4491}.Debug|Any CPU.Build.0 = Debug|Any CPU
		{7603B6F9-AF8A-4F22-A927-BED696CF4491}.Release|Any CPU.ActiveCfg = Release|Any CPU
		{7603B6F9-AF8A-4F22-A927-BED696CF4491}.Release|Any CPU.Build.0 = Release|Any CPU
		{667F8943-9076-4300-AADC-3FD92CEA281C}.Debug|Any CPU.ActiveCfg = Debug|Any CPU
		{667F8943-9076-4300-AADC-3FD92CEA281C}.Debug|Any CPU.Build.0 = Debug|Any CPU
		{667F8943-9076-4300-AADC-3FD92CEA281C}.Release|Any CPU.ActiveCfg = Release|Any CPU
		{667F8943-9076-4300-AADC-3FD92CEA281C}.Release|Any CPU.Build.0 = Release|Any CPU
		{23A7987D-30D3-4DE3-B87A-ED8E6EB52216}.Debug|Any CPU.ActiveCfg = Debug|Any CPU
		{23A7987D-30D3-4DE3-B87A-ED8E6EB52216}.Debug|Any CPU.Build.0 = Debug|Any CPU
		{23A7987D-30D3-4DE3-B87A-ED8E6EB52216}.Release|Any CPU.ActiveCfg = Release|Any CPU
		{23A7987D-30D3-4DE3-B87A-ED8E6EB52216}.Release|Any CPU.Build.0 = Release|Any CPU
		{F6105CE5-040B-4CB9-8FA9-FD609B00DB64}.Debug|Any CPU.ActiveCfg = Debug|Any CPU
		{F6105CE5-040B-4CB9-8FA9-FD609B00DB64}.Debug|Any CPU.Build.0 = Debug|Any CPU
		{F6105CE5-040B-4CB9-8FA9-FD609B00DB64}.Release|Any CPU.ActiveCfg = Release|Any CPU
		{F6105CE5-040B-4CB9-8FA9-FD609B00DB64}.Release|Any CPU.Build.0 = Release|Any CPU
		{41E189CE-73A9-45FC-8873-4BA13A9ACE2C}.Debug|Any CPU.ActiveCfg = Debug|Any CPU
		{41E189CE-73A9-45FC-8873-4BA13A9ACE2C}.Debug|Any CPU.Build.0 = Debug|Any CPU
		{41E189CE-73A9-45FC-8873-4BA13A9ACE2C}.Release|Any CPU.ActiveCfg = Release|Any CPU
		{41E189CE-73A9-45FC-8873-4BA13A9ACE2C}.Release|Any CPU.Build.0 = Release|Any CPU
		{9C66A4A6-E002-4D9C-9048-92B2FCF7B93D}.Debug|Any CPU.ActiveCfg = Debug|Any CPU
		{9C66A4A6-E002-4D9C-9048-92B2FCF7B93D}.Debug|Any CPU.Build.0 = Debug|Any CPU
		{9C66A4A6-E002-4D9C-9048-92B2FCF7B93D}.Release|Any CPU.ActiveCfg = Release|Any CPU
		{9C66A4A6-E002-4D9C-9048-92B2FCF7B93D}.Release|Any CPU.Build.0 = Release|Any CPU
		{3E00BE63-128D-40A0-9F21-56D6BD6D80D9}.Debug|Any CPU.ActiveCfg = Debug|Any CPU
		{3E00BE63-128D-40A0-9F21-56D6BD6D80D9}.Debug|Any CPU.Build.0 = Debug|Any CPU
		{3E00BE63-128D-40A0-9F21-56D6BD6D80D9}.Release|Any CPU.ActiveCfg = Release|Any CPU
		{3E00BE63-128D-40A0-9F21-56D6BD6D80D9}.Release|Any CPU.Build.0 = Release|Any CPU
		{35DD5787-8671-4AE6-9A32-7AD52AB9F13D}.Debug|Any CPU.ActiveCfg = Debug|Any CPU
		{35DD5787-8671-4AE6-9A32-7AD52AB9F13D}.Debug|Any CPU.Build.0 = Debug|Any CPU
		{35DD5787-8671-4AE6-9A32-7AD52AB9F13D}.Release|Any CPU.ActiveCfg = Release|Any CPU
		{35DD5787-8671-4AE6-9A32-7AD52AB9F13D}.Release|Any CPU.Build.0 = Release|Any CPU
		{D5E38286-6C3B-42FB-8EF2-A0DF992CFE41}.Debug|Any CPU.ActiveCfg = Debug|Any CPU
		{D5E38286-6C3B-42FB-8EF2-A0DF992CFE41}.Debug|Any CPU.Build.0 = Debug|Any CPU
		{D5E38286-6C3B-42FB-8EF2-A0DF992CFE41}.Release|Any CPU.ActiveCfg = Release|Any CPU
		{D5E38286-6C3B-42FB-8EF2-A0DF992CFE41}.Release|Any CPU.Build.0 = Release|Any CPU
		{3E8DA948-8BF1-4D0D-82C1-9977EE1C9CDA}.Debug|Any CPU.ActiveCfg = Debug|Any CPU
		{3E8DA948-8BF1-4D0D-82C1-9977EE1C9CDA}.Debug|Any CPU.Build.0 = Debug|Any CPU
		{3E8DA948-8BF1-4D0D-82C1-9977EE1C9CDA}.Release|Any CPU.ActiveCfg = Release|Any CPU
		{3E8DA948-8BF1-4D0D-82C1-9977EE1C9CDA}.Release|Any CPU.Build.0 = Release|Any CPU
		{A50F13F4-814E-4CC9-BC23-643E35BB7AC6}.Debug|Any CPU.ActiveCfg = Debug|Any CPU
		{A50F13F4-814E-4CC9-BC23-643E35BB7AC6}.Debug|Any CPU.Build.0 = Debug|Any CPU
		{A50F13F4-814E-4CC9-BC23-643E35BB7AC6}.Release|Any CPU.ActiveCfg = Release|Any CPU
		{A50F13F4-814E-4CC9-BC23-643E35BB7AC6}.Release|Any CPU.Build.0 = Release|Any CPU
		{0EA33E6C-4808-42E2-9D51-70105362E5F8}.Debug|Any CPU.ActiveCfg = Debug|Any CPU
		{0EA33E6C-4808-42E2-9D51-70105362E5F8}.Debug|Any CPU.Build.0 = Debug|Any CPU
		{0EA33E6C-4808-42E2-9D51-70105362E5F8}.Release|Any CPU.ActiveCfg = Release|Any CPU
		{0EA33E6C-4808-42E2-9D51-70105362E5F8}.Release|Any CPU.Build.0 = Release|Any CPU
		{CE41D5EF-665A-4253-81BF-4D02D51F5ADA}.Debug|Any CPU.ActiveCfg = Debug|Any CPU
		{CE41D5EF-665A-4253-81BF-4D02D51F5ADA}.Debug|Any CPU.Build.0 = Debug|Any CPU
		{CE41D5EF-665A-4253-81BF-4D02D51F5ADA}.Release|Any CPU.ActiveCfg = Release|Any CPU
		{CE41D5EF-665A-4253-81BF-4D02D51F5ADA}.Release|Any CPU.Build.0 = Release|Any CPU
		{8E11C3BB-A4FF-43C2-A759-12B1057FDF4E}.Debug|Any CPU.ActiveCfg = Debug|Any CPU
		{8E11C3BB-A4FF-43C2-A759-12B1057FDF4E}.Debug|Any CPU.Build.0 = Debug|Any CPU
		{8E11C3BB-A4FF-43C2-A759-12B1057FDF4E}.Release|Any CPU.ActiveCfg = Release|Any CPU
		{8E11C3BB-A4FF-43C2-A759-12B1057FDF4E}.Release|Any CPU.Build.0 = Release|Any CPU
	EndGlobalSection
	GlobalSection(NestedProjects) = preSolution
		{D54756D4-CA39-4522-AEDE-563E94C1C4A5} = {95A9E4C9-790E-437A-8B79-3F345860078B}
		{44200DE8-91F0-4F34-940D-A2F136DB17DF} = {D54756D4-CA39-4522-AEDE-563E94C1C4A5}
		{4ABFC523-BA37-44EB-9D42-83A1D0EADA3C} = {95A9E4C9-790E-437A-8B79-3F345860078B}
		{7603B6F9-AF8A-4F22-A927-BED696CF4491} = {4ABFC523-BA37-44EB-9D42-83A1D0EADA3C}
		{667F8943-9076-4300-AADC-3FD92CEA281C} = {C4777D83-8B0B-4683-82FF-CD0BE83B36CB}
		{D0095CA9-72E1-4CDA-99A9-EF862824C4FA} = {D8910B96-F1B1-4BB9-B1D1-71E44CAC9046}
		{D8171191-3EEE-4EE7-AE22-E2C0AFCC5AE7} = {D0095CA9-72E1-4CDA-99A9-EF862824C4FA}
		{B7A5434F-AC2E-4344-96F4-FF0A766BB0D6} = {D0095CA9-72E1-4CDA-99A9-EF862824C4FA}
		{C901DC44-9A60-4B84-B850-E3FA57971EAB} = {D0095CA9-72E1-4CDA-99A9-EF862824C4FA}
		{23A7987D-30D3-4DE3-B87A-ED8E6EB52216} = {D8171191-3EEE-4EE7-AE22-E2C0AFCC5AE7}
		{F6105CE5-040B-4CB9-8FA9-FD609B00DB64} = {B7A5434F-AC2E-4344-96F4-FF0A766BB0D6}
		{41E189CE-73A9-45FC-8873-4BA13A9ACE2C} = {C901DC44-9A60-4B84-B850-E3FA57971EAB}
		{9C66A4A6-E002-4D9C-9048-92B2FCF7B93D} = {D8171191-3EEE-4EE7-AE22-E2C0AFCC5AE7}
		{9FCC43FC-4BFB-4CA2-A949-4675DDDFF30F} = {D0095CA9-72E1-4CDA-99A9-EF862824C4FA}
		{3E00BE63-128D-40A0-9F21-56D6BD6D80D9} = {9FCC43FC-4BFB-4CA2-A949-4675DDDFF30F}
		{35DD5787-8671-4AE6-9A32-7AD52AB9F13D} = {9FCC43FC-4BFB-4CA2-A949-4675DDDFF30F}
		{9CC70DEE-9F48-41B7-806D-AC8740857354} = {95A9E4C9-790E-437A-8B79-3F345860078B}
		{D5E38286-6C3B-42FB-8EF2-A0DF992CFE41} = {9CC70DEE-9F48-41B7-806D-AC8740857354}
		{3E8DA948-8BF1-4D0D-82C1-9977EE1C9CDA} = {9CC70DEE-9F48-41B7-806D-AC8740857354}
		{40B2EBAC-1B97-4DE3-8A03-EA52C58C4814} = {95A9E4C9-790E-437A-8B79-3F345860078B}
		{A50F13F4-814E-4CC9-BC23-643E35BB7AC6} = {40B2EBAC-1B97-4DE3-8A03-EA52C58C4814}
		{0EA33E6C-4808-42E2-9D51-70105362E5F8} = {C4777D83-8B0B-4683-82FF-CD0BE83B36CB}
		{3351AD84-B19E-4077-B2A3-E0055B28102C} = {2FF5EA81-3304-4028-8455-3B777BEA5CDA}
		{CE41D5EF-665A-4253-81BF-4D02D51F5ADA} = {3351AD84-B19E-4077-B2A3-E0055B28102C}
		{31817AE5-8F6F-4DF7-8C54-FB2879D9F4C3} = {2FF5EA81-3304-4028-8455-3B777BEA5CDA}
		{8E11C3BB-A4FF-43C2-A759-12B1057FDF4E} = {2C2C3ADB-8DA0-4165-AEC6-E60527D51F8A}
	EndGlobalSection
EndGlobal
