{
  "version": 4,
  "terraform_version": "1.5.6",
  "serial": 21,
  "lineage": "7ae2437b-3413-0940-35cd-4d66136fa0c9",
  "outputs": {},
  "resources": [
    {
      "mode": "managed",
      "type": "azurerm_app_service",
      "name": "bff_app_service",
      "provider": "provider[\"registry.terraform.io/hashicorp/azurerm\"]",
      "instances": [
        {
          "schema_version": 0,
          "attributes": {
            "app_service_plan_id": "/subscriptions/c09a1f49-53bf-42b5-910e-a56a2722115b/resourceGroups/microscope-rg/providers/Microsoft.Web/serverfarms/mcsp-plan",
            "app_settings": {},
            "auth_settings": [
              {
                "active_directory": [],
                "additional_login_params": {},
                "allowed_external_redirect_urls": [],
                "default_provider": "",
                "enabled": false,
                "facebook": [],
                "google": [],
                "issuer": "",
                "microsoft": [],
                "runtime_version": "",
                "token_refresh_extension_hours": 0,
                "token_store_enabled": false,
                "twitter": [],
                "unauthenticated_client_action": ""
              }
            ],
            "backup": [],
            "client_affinity_enabled": false,
            "client_cert_enabled": false,
            "client_cert_mode": "Required",
            "connection_string": [],
            "custom_domain_verification_id": "4093D533DA2929CBF187DAFC4B594A6D4E31B214CE3A53F4F9F0192F2E5A0757",
            "default_site_hostname": "mcsp-bff.azurewebsites.net",
            "enabled": true,
            "https_only": false,
            "id": "/subscriptions/c09a1f49-53bf-42b5-910e-a56a2722115b/resourceGroups/microscope-rg/providers/Microsoft.Web/sites/mcsp-bff",
            "identity": [],
            "key_vault_reference_identity_id": "SystemAssigned",
            "location": "westeurope",
            "logs": [
              {
                "application_logs": [
                  {
                    "azure_blob_storage": [],
                    "file_system_level": "Off"
                  }
                ],
                "detailed_error_messages_enabled": false,
                "failed_request_tracing_enabled": false,
                "http_logs": [
                  {
                    "azure_blob_storage": [],
                    "file_system": []
                  }
                ]
              }
            ],
            "name": "mcsp-bff",
            "outbound_ip_address_list": [
              "20.238.234.114",
              "20.238.235.36",
              "20.238.235.129",
              "20.238.235.225",
              "20.238.236.129",
              "20.238.236.131",
              "20.31.38.3",
              "20.31.38.31",
              "20.31.38.49",
              "20.31.38.63",
              "20.31.38.66",
              "20.31.38.129",
              "20.105.216.31"
            ],
            "outbound_ip_addresses": "20.238.234.114,20.238.235.36,20.238.235.129,20.238.235.225,20.238.236.129,20.238.236.131,20.31.38.3,20.31.38.31,20.31.38.49,20.31.38.63,20.31.38.66,20.31.38.129,20.105.216.31",
            "possible_outbound_ip_address_list": [
              "20.238.234.114",
              "20.238.235.36",
              "20.238.235.129",
              "20.238.235.225",
              "20.238.236.129",
              "20.238.236.131",
              "20.31.38.3",
              "20.31.38.31",
              "20.31.38.49",
              "20.31.38.63",
              "20.31.38.66",
              "20.31.38.129",
              "20.31.37.29",
              "20.31.39.7",
              "20.238.232.0",
              "20.238.232.10",
              "20.123.231.143",
              "20.238.232.70",
              "20.238.232.87",
              "20.238.233.169",
              "20.238.233.193",
              "20.238.234.88",
              "20.31.35.86",
              "20.238.234.98",
              "20.238.234.114",
              "20.238.235.36",
              "20.238.235.129",
              "20.238.235.225",
              "20.238.236.129",
              "20.238.236.131",
              "20.93.199.200",
              "20.238.237.245",
              "20.238.237.254",
              "20.238.238.23",
              "20.238.238.43",
              "20.238.238.71",
              "20.105.216.31"
            ],
            "possible_outbound_ip_addresses": "20.238.234.114,20.238.235.36,20.238.235.129,20.238.235.225,20.238.236.129,20.238.236.131,20.31.38.3,20.31.38.31,20.31.38.49,20.31.38.63,20.31.38.66,20.31.38.129,20.31.37.29,20.31.39.7,20.238.232.0,20.238.232.10,20.123.231.143,20.238.232.70,20.238.232.87,20.238.233.169,20.238.233.193,20.238.234.88,20.31.35.86,20.238.234.98,20.238.234.114,20.238.235.36,20.238.235.129,20.238.235.225,20.238.236.129,20.238.236.131,20.93.199.200,20.238.237.245,20.238.237.254,20.238.238.23,20.238.238.43,20.238.238.71,20.105.216.31",
            "resource_group_name": "microscope-rg",
            "site_config": [
              {
                "acr_use_managed_identity_credentials": false,
                "acr_user_managed_identity_client_id": "",
                "always_on": false,
                "app_command_line": "",
                "auto_swap_slot_name": "",
                "cors": [
                  {
                    "allowed_origins": [],
                    "support_credentials": false
                  }
                ],
                "default_documents": [],
                "dotnet_framework_version": "v4.0",
                "ftps_state": "FtpsOnly",
                "health_check_path": "",
                "http2_enabled": false,
                "ip_restriction": [],
                "java_container": "",
                "java_container_version": "",
                "java_version": "",
                "linux_fx_version": "DOTNET|7.0",
                "local_mysql_enabled": false,
                "managed_pipeline_mode": "Integrated",
                "min_tls_version": "1.2",
                "number_of_workers": 1,
                "php_version": "",
                "python_version": "",
                "remote_debugging_enabled": false,
                "remote_debugging_version": "VS2019",
                "scm_ip_restriction": [],
                "scm_type": "None",
                "scm_use_main_ip_restriction": false,
                "use_32_bit_worker_process": false,
                "vnet_route_all_enabled": false,
                "websockets_enabled": false,
                "windows_fx_version": ""
              }
            ],
            "site_credential": [
              {
                "password": "mk2vN8Aj0uYReeAFfmoJNjiPLeA8tEvsMBci2BAafAyK8xMKQB8EWMoW5saP",
                "username": "$mcsp-bff"
              }
            ],
            "source_control": [
              {
                "branch": "main",
                "manual_integration": false,
                "repo_url": "",
                "rollback_enabled": false,
                "use_mercurial": false
              }
            ],
            "storage_account": [],
            "tags": {},
            "timeouts": null
          },
          "sensitive_attributes": [],
          "private": "eyJlMmJmYjczMC1lY2FhLTExZTYtOGY4OC0zNDM2M2JjN2M0YzAiOnsiY3JlYXRlIjoxODAwMDAwMDAwMDAwLCJkZWxldGUiOjE4MDAwMDAwMDAwMDAsInJlYWQiOjMwMDAwMDAwMDAwMCwidXBkYXRlIjoxODAwMDAwMDAwMDAwfX0=",
          "dependencies": [
            "azurerm_app_service_plan.app_service_plan",
            "azurerm_resource_group.microscope_rg"
          ]
        }
      ]
    },
    {
      "mode": "managed",
      "type": "azurerm_app_service",
      "name": "mcsp_iam",
      "provider": "provider[\"registry.terraform.io/hashicorp/azurerm\"]",
      "instances": [
        {
          "schema_version": 0,
          "attributes": {
            "app_service_plan_id": "/subscriptions/c09a1f49-53bf-42b5-910e-a56a2722115b/resourceGroups/microscope-rg/providers/Microsoft.Web/serverfarms/mcsp-plan",
            "app_settings": {
              "WEBSITES_ENABLE_APP_SERVICE_STORAGE": "false"
            },
            "auth_settings": [
              {
                "active_directory": [],
                "additional_login_params": {},
                "allowed_external_redirect_urls": [],
                "default_provider": "",
                "enabled": false,
                "facebook": [],
                "google": [],
                "issuer": "",
                "microsoft": [],
                "runtime_version": "",
                "token_refresh_extension_hours": 0,
                "token_store_enabled": false,
                "twitter": [],
                "unauthenticated_client_action": ""
              }
            ],
            "backup": [],
            "client_affinity_enabled": false,
            "client_cert_enabled": false,
            "client_cert_mode": "Required",
            "connection_string": [],
            "custom_domain_verification_id": "4093D533DA2929CBF187DAFC4B594A6D4E31B214CE3A53F4F9F0192F2E5A0757",
            "default_site_hostname": "mcspiam.azurewebsites.net",
            "enabled": true,
            "https_only": false,
            "id": "/subscriptions/c09a1f49-53bf-42b5-910e-a56a2722115b/resourceGroups/microscope-rg/providers/Microsoft.Web/sites/mcspiam",
            "identity": [],
            "key_vault_reference_identity_id": "SystemAssigned",
            "location": "westeurope",
            "logs": [
              {
                "application_logs": [
                  {
                    "azure_blob_storage": [],
                    "file_system_level": "Off"
                  }
                ],
                "detailed_error_messages_enabled": false,
                "failed_request_tracing_enabled": false,
                "http_logs": [
                  {
                    "azure_blob_storage": [],
                    "file_system": []
                  }
                ]
              }
            ],
            "name": "mcspiam",
            "outbound_ip_address_list": [
              "20.238.234.114",
              "20.238.235.36",
              "20.238.235.129",
              "20.238.235.225",
              "20.238.236.129",
              "20.238.236.131",
              "20.31.38.3",
              "20.31.38.31",
              "20.31.38.49",
              "20.31.38.63",
              "20.31.38.66",
              "20.31.38.129",
              "20.105.216.31"
            ],
            "outbound_ip_addresses": "20.238.234.114,20.238.235.36,20.238.235.129,20.238.235.225,20.238.236.129,20.238.236.131,20.31.38.3,20.31.38.31,20.31.38.49,20.31.38.63,20.31.38.66,20.31.38.129,20.105.216.31",
            "possible_outbound_ip_address_list": [
              "20.238.234.114",
              "20.238.235.36",
              "20.238.235.129",
              "20.238.235.225",
              "20.238.236.129",
              "20.238.236.131",
              "20.31.38.3",
              "20.31.38.31",
              "20.31.38.49",
              "20.31.38.63",
              "20.31.38.66",
              "20.31.38.129",
              "20.31.37.29",
              "20.31.39.7",
              "20.238.232.0",
              "20.238.232.10",
              "20.123.231.143",
              "20.238.232.70",
              "20.238.232.87",
              "20.238.233.169",
              "20.238.233.193",
              "20.238.234.88",
              "20.31.35.86",
              "20.238.234.98",
              "20.238.234.114",
              "20.238.235.36",
              "20.238.235.129",
              "20.238.235.225",
              "20.238.236.129",
              "20.238.236.131",
              "20.93.199.200",
              "20.238.237.245",
              "20.238.237.254",
              "20.238.238.23",
              "20.238.238.43",
              "20.238.238.71",
              "20.105.216.31"
            ],
            "possible_outbound_ip_addresses": "20.238.234.114,20.238.235.36,20.238.235.129,20.238.235.225,20.238.236.129,20.238.236.131,20.31.38.3,20.31.38.31,20.31.38.49,20.31.38.63,20.31.38.66,20.31.38.129,20.31.37.29,20.31.39.7,20.238.232.0,20.238.232.10,20.123.231.143,20.238.232.70,20.238.232.87,20.238.233.169,20.238.233.193,20.238.234.88,20.31.35.86,20.238.234.98,20.238.234.114,20.238.235.36,20.238.235.129,20.238.235.225,20.238.236.129,20.238.236.131,20.93.199.200,20.238.237.245,20.238.237.254,20.238.238.23,20.238.238.43,20.238.238.71,20.105.216.31",
            "resource_group_name": "microscope-rg",
            "site_config": [
              {
                "acr_use_managed_identity_credentials": false,
                "acr_user_managed_identity_client_id": "",
                "always_on": true,
                "app_command_line": "",
                "auto_swap_slot_name": "",
                "cors": [
                  {
                    "allowed_origins": [],
                    "support_credentials": false
                  }
                ],
                "default_documents": [],
                "dotnet_framework_version": "v4.0",
                "ftps_state": "FtpsOnly",
                "health_check_path": "",
                "http2_enabled": false,
                "ip_restriction": [],
                "java_container": "",
                "java_container_version": "",
                "java_version": "",
                "linux_fx_version": "DOCKER|keycloak/keycloak:22.0.0",
                "local_mysql_enabled": false,
                "managed_pipeline_mode": "Integrated",
                "min_tls_version": "1.2",
                "number_of_workers": 1,
                "php_version": "",
                "python_version": "",
                "remote_debugging_enabled": false,
                "remote_debugging_version": "VS2019",
                "scm_ip_restriction": [],
                "scm_type": "None",
                "scm_use_main_ip_restriction": false,
                "use_32_bit_worker_process": false,
                "vnet_route_all_enabled": false,
                "websockets_enabled": false,
                "windows_fx_version": ""
              }
            ],
            "site_credential": [
              {
                "password": "8a9wvY8ErlXN8b9c3jtjrBtMNpNhpvsZhbqfiByp6wZBaHDZc8hYegh0pbiD",
                "username": "$mcspiam"
              }
            ],
            "source_control": [
              {
                "branch": "main",
                "manual_integration": false,
                "repo_url": "",
                "rollback_enabled": false,
                "use_mercurial": false
              }
            ],
            "storage_account": [],
            "tags": {},
            "timeouts": null
          },
          "sensitive_attributes": [],
          "private": "eyJlMmJmYjczMC1lY2FhLTExZTYtOGY4OC0zNDM2M2JjN2M0YzAiOnsiY3JlYXRlIjoxODAwMDAwMDAwMDAwLCJkZWxldGUiOjE4MDAwMDAwMDAwMDAsInJlYWQiOjMwMDAwMDAwMDAwMCwidXBkYXRlIjoxODAwMDAwMDAwMDAwfX0=",
          "dependencies": [
            "azurerm_app_service_plan.app_service_plan",
            "azurerm_resource_group.microscope_rg"
          ]
        }
      ]
    },
    {
      "mode": "managed",
      "type": "azurerm_app_service",
      "name": "todo_app_service",
      "provider": "provider[\"registry.terraform.io/hashicorp/azurerm\"]",
      "instances": [
        {
          "schema_version": 0,
          "attributes": {
            "app_service_plan_id": "/subscriptions/c09a1f49-53bf-42b5-910e-a56a2722115b/resourceGroups/microscope-rg/providers/Microsoft.Web/serverfarms/mcsp-plan",
            "app_settings": {},
            "auth_settings": [
              {
                "active_directory": [],
                "additional_login_params": {},
                "allowed_external_redirect_urls": [],
                "default_provider": "",
                "enabled": false,
                "facebook": [],
                "google": [],
                "issuer": "",
                "microsoft": [],
                "runtime_version": "",
                "token_refresh_extension_hours": 0,
                "token_store_enabled": false,
                "twitter": [],
                "unauthenticated_client_action": ""
              }
            ],
            "backup": [],
            "client_affinity_enabled": false,
            "client_cert_enabled": false,
            "client_cert_mode": "Required",
            "connection_string": [],
            "custom_domain_verification_id": "4093D533DA2929CBF187DAFC4B594A6D4E31B214CE3A53F4F9F0192F2E5A0757",
            "default_site_hostname": "mcsp-todoservice.azurewebsites.net",
            "enabled": true,
            "https_only": false,
            "id": "/subscriptions/c09a1f49-53bf-42b5-910e-a56a2722115b/resourceGroups/microscope-rg/providers/Microsoft.Web/sites/mcsp-todoservice",
            "identity": [],
            "key_vault_reference_identity_id": "SystemAssigned",
            "location": "westeurope",
            "logs": [
              {
                "application_logs": [
                  {
                    "azure_blob_storage": [],
                    "file_system_level": "Off"
                  }
                ],
                "detailed_error_messages_enabled": false,
                "failed_request_tracing_enabled": false,
                "http_logs": [
                  {
                    "azure_blob_storage": [],
                    "file_system": []
                  }
                ]
              }
            ],
            "name": "mcsp-todoservice",
            "outbound_ip_address_list": [
              "20.238.234.114",
              "20.238.235.36",
              "20.238.235.129",
              "20.238.235.225",
              "20.238.236.129",
              "20.238.236.131",
              "20.31.38.3",
              "20.31.38.31",
              "20.31.38.49",
              "20.31.38.63",
              "20.31.38.66",
              "20.31.38.129",
              "20.105.216.31"
            ],
            "outbound_ip_addresses": "20.238.234.114,20.238.235.36,20.238.235.129,20.238.235.225,20.238.236.129,20.238.236.131,20.31.38.3,20.31.38.31,20.31.38.49,20.31.38.63,20.31.38.66,20.31.38.129,20.105.216.31",
            "possible_outbound_ip_address_list": [
              "20.238.234.114",
              "20.238.235.36",
              "20.238.235.129",
              "20.238.235.225",
              "20.238.236.129",
              "20.238.236.131",
              "20.31.38.3",
              "20.31.38.31",
              "20.31.38.49",
              "20.31.38.63",
              "20.31.38.66",
              "20.31.38.129",
              "20.31.37.29",
              "20.31.39.7",
              "20.238.232.0",
              "20.238.232.10",
              "20.123.231.143",
              "20.238.232.70",
              "20.238.232.87",
              "20.238.233.169",
              "20.238.233.193",
              "20.238.234.88",
              "20.31.35.86",
              "20.238.234.98",
              "20.238.234.114",
              "20.238.235.36",
              "20.238.235.129",
              "20.238.235.225",
              "20.238.236.129",
              "20.238.236.131",
              "20.93.199.200",
              "20.238.237.245",
              "20.238.237.254",
              "20.238.238.23",
              "20.238.238.43",
              "20.238.238.71",
              "20.105.216.31"
            ],
            "possible_outbound_ip_addresses": "20.238.234.114,20.238.235.36,20.238.235.129,20.238.235.225,20.238.236.129,20.238.236.131,20.31.38.3,20.31.38.31,20.31.38.49,20.31.38.63,20.31.38.66,20.31.38.129,20.31.37.29,20.31.39.7,20.238.232.0,20.238.232.10,20.123.231.143,20.238.232.70,20.238.232.87,20.238.233.169,20.238.233.193,20.238.234.88,20.31.35.86,20.238.234.98,20.238.234.114,20.238.235.36,20.238.235.129,20.238.235.225,20.238.236.129,20.238.236.131,20.93.199.200,20.238.237.245,20.238.237.254,20.238.238.23,20.238.238.43,20.238.238.71,20.105.216.31",
            "resource_group_name": "microscope-rg",
            "site_config": [
              {
                "acr_use_managed_identity_credentials": false,
                "acr_user_managed_identity_client_id": "",
                "always_on": false,
                "app_command_line": "",
                "auto_swap_slot_name": "",
                "cors": [
                  {
                    "allowed_origins": [],
                    "support_credentials": false
                  }
                ],
                "default_documents": [],
                "dotnet_framework_version": "v4.0",
                "ftps_state": "FtpsOnly",
                "health_check_path": "",
                "http2_enabled": false,
                "ip_restriction": [],
                "java_container": "",
                "java_container_version": "",
                "java_version": "",
                "linux_fx_version": "DOTNET|7.0",
                "local_mysql_enabled": false,
                "managed_pipeline_mode": "Integrated",
                "min_tls_version": "1.2",
                "number_of_workers": 1,
                "php_version": "",
                "python_version": "",
                "remote_debugging_enabled": false,
                "remote_debugging_version": "VS2019",
                "scm_ip_restriction": [],
                "scm_type": "None",
                "scm_use_main_ip_restriction": false,
                "use_32_bit_worker_process": false,
                "vnet_route_all_enabled": false,
                "websockets_enabled": false,
                "windows_fx_version": ""
              }
            ],
            "site_credential": [
              {
                "password": "kpffHyDS95rLaC1ZHHRNBmPRhz2E4Wz7DCaNdE1PCaJBGixPkFErcLQ2nYGi",
                "username": "$mcsp-todoservice"
              }
            ],
            "source_control": [
              {
                "branch": "main",
                "manual_integration": false,
                "repo_url": "",
                "rollback_enabled": false,
                "use_mercurial": false
              }
            ],
            "storage_account": [],
            "tags": {},
            "timeouts": null
          },
          "sensitive_attributes": [],
          "private": "eyJlMmJmYjczMC1lY2FhLTExZTYtOGY4OC0zNDM2M2JjN2M0YzAiOnsiY3JlYXRlIjoxODAwMDAwMDAwMDAwLCJkZWxldGUiOjE4MDAwMDAwMDAwMDAsInJlYWQiOjMwMDAwMDAwMDAwMCwidXBkYXRlIjoxODAwMDAwMDAwMDAwfX0=",
          "dependencies": [
            "azurerm_app_service_plan.app_service_plan",
            "azurerm_resource_group.microscope_rg"
          ]
        }
      ]
    },
    {
      "mode": "managed",
      "type": "azurerm_app_service_plan",
      "name": "app_service_plan",
      "provider": "provider[\"registry.terraform.io/hashicorp/azurerm\"]",
      "instances": [
        {
          "schema_version": 0,
          "attributes": {
            "app_service_environment_id": "",
            "id": "/subscriptions/c09a1f49-53bf-42b5-910e-a56a2722115b/resourceGroups/microscope-rg/providers/Microsoft.Web/serverfarms/mcsp-plan",
            "is_xenon": false,
            "kind": "linux",
            "location": "westeurope",
            "maximum_elastic_worker_count": 1,
            "maximum_number_of_workers": 3,
            "name": "mcsp-plan",
            "per_site_scaling": false,
            "reserved": true,
            "resource_group_name": "microscope-rg",
            "sku": [
              {
                "capacity": 1,
                "size": "B1",
                "tier": "Basic"
              }
            ],
            "tags": {},
            "timeouts": null,
            "zone_redundant": false
          },
          "sensitive_attributes": [],
          "private": "eyJlMmJmYjczMC1lY2FhLTExZTYtOGY4OC0zNDM2M2JjN2M0YzAiOnsiY3JlYXRlIjozNjAwMDAwMDAwMDAwLCJkZWxldGUiOjM2MDAwMDAwMDAwMDAsInJlYWQiOjMwMDAwMDAwMDAwMCwidXBkYXRlIjozNjAwMDAwMDAwMDAwfX0=",
          "dependencies": [
            "azurerm_resource_group.microscope_rg"
          ]
        }
      ]
    },
    {
      "mode": "managed",
      "type": "azurerm_postgresql_flexible_server",
      "name": "postgres",
      "provider": "provider[\"registry.terraform.io/hashicorp/azurerm\"]",
      "instances": [
        {
          "schema_version": 0,
          "attributes": {
            "administrator_login": "microscope",
            "administrator_password": "microscope",
            "authentication": [
              {
                "active_directory_auth_enabled": false,
                "password_auth_enabled": true,
                "tenant_id": ""
              }
            ],
            "backup_retention_days": 7,
            "create_mode": null,
            "customer_managed_key": [],
            "delegated_subnet_id": "",
            "fqdn": "mcsp-bdd.postgres.database.azure.com",
            "geo_redundant_backup_enabled": false,
            "high_availability": [],
            "id": "/subscriptions/c09a1f49-53bf-42b5-910e-a56a2722115b/resourceGroups/microscope-rg/providers/Microsoft.DBforPostgreSQL/flexibleServers/mcsp-bdd",
            "identity": [],
            "location": "westeurope",
            "maintenance_window": [],
            "name": "mcsp-bdd",
            "point_in_time_restore_time_in_utc": null,
            "private_dns_zone_id": "",
            "public_network_access_enabled": true,
            "replication_role": "",
            "resource_group_name": "microscope-rg",
            "sku_name": "GP_Standard_D2s_v3",
            "source_server_id": null,
            "storage_mb": 32768,
            "tags": {},
            "timeouts": null,
            "version": "13",
            "zone": ""
          },
          "sensitive_attributes": [],
          "private": "eyJlMmJmYjczMC1lY2FhLTExZTYtOGY4OC0zNDM2M2JjN2M0YzAiOnsiY3JlYXRlIjozNjAwMDAwMDAwMDAwLCJkZWxldGUiOjM2MDAwMDAwMDAwMDAsInJlYWQiOjMwMDAwMDAwMDAwMCwidXBkYXRlIjozNjAwMDAwMDAwMDAwfX0=",
          "dependencies": [
            "azurerm_resource_group.microscope_rg"
          ]
        }
      ]
    },
    {
      "mode": "managed",
      "type": "azurerm_resource_group",
      "name": "microscope_rg",
      "provider": "provider[\"registry.terraform.io/hashicorp/azurerm\"]",
      "instances": [
        {
          "schema_version": 0,
          "attributes": {
            "id": "/subscriptions/c09a1f49-53bf-42b5-910e-a56a2722115b/resourceGroups/microscope-rg",
            "location": "westeurope",
            "managed_by": "",
            "name": "microscope-rg",
            "tags": {},
            "timeouts": null
          },
          "sensitive_attributes": [],
          "private": "eyJlMmJmYjczMC1lY2FhLTExZTYtOGY4OC0zNDM2M2JjN2M0YzAiOnsiY3JlYXRlIjo1NDAwMDAwMDAwMDAwLCJkZWxldGUiOjU0MDAwMDAwMDAwMDAsInJlYWQiOjMwMDAwMDAwMDAwMCwidXBkYXRlIjo1NDAwMDAwMDAwMDAwfX0="
        }
      ]
    },
    {
      "mode": "managed",
      "type": "azurerm_servicebus_namespace",
      "name": "servicebus",
      "provider": "provider[\"registry.terraform.io/hashicorp/azurerm\"]",
      "instances": [
        {
          "schema_version": 1,
          "attributes": {
            "capacity": 0,
            "customer_managed_key": [],
            "default_primary_connection_string": "Endpoint=sb://mcsp-servicebus.servicebus.windows.net/;SharedAccessKeyName=RootManageSharedAccessKey;SharedAccessKey=Avd00rN08jjw8J1PEEgg2P5zmPik11qON+ASbKiNdK4=",
            "default_primary_key": "Avd00rN08jjw8J1PEEgg2P5zmPik11qON+ASbKiNdK4=",
            "default_secondary_connection_string": "Endpoint=sb://mcsp-servicebus.servicebus.windows.net/;SharedAccessKeyName=RootManageSharedAccessKey;SharedAccessKey=0fjlhc6knaMS65Q3QCJISd9TZiCN89efG+ASbFBlWyM=",
            "default_secondary_key": "0fjlhc6knaMS65Q3QCJISd9TZiCN89efG+ASbFBlWyM=",
            "endpoint": "https://mcsp-servicebus.servicebus.windows.net:443/",
            "id": "/subscriptions/c09a1f49-53bf-42b5-910e-a56a2722115b/resourceGroups/microscope-rg/providers/Microsoft.ServiceBus/namespaces/mcsp-servicebus",
            "identity": [],
            "local_auth_enabled": true,
            "location": "westeurope",
            "minimum_tls_version": "1.2",
            "name": "mcsp-servicebus",
            "network_rule_set": [
              {
                "default_action": "Allow",
                "ip_rules": [],
                "network_rules": [],
                "public_network_access_enabled": true,
                "trusted_services_allowed": false
              }
            ],
            "public_network_access_enabled": true,
            "resource_group_name": "microscope-rg",
            "sku": "Basic",
            "tags": null,
            "timeouts": null,
            "zone_redundant": false
          },
          "sensitive_attributes": [],
          "private": "eyJlMmJmYjczMC1lY2FhLTExZTYtOGY4OC0zNDM2M2JjN2M0YzAiOnsiY3JlYXRlIjoxODAwMDAwMDAwMDAwLCJkZWxldGUiOjE4MDAwMDAwMDAwMDAsInJlYWQiOjMwMDAwMDAwMDAwMCwidXBkYXRlIjoxODAwMDAwMDAwMDAwfSwic2NoZW1hX3ZlcnNpb24iOiIxIn0=",
          "dependencies": [
            "azurerm_resource_group.microscope_rg"
          ]
        }
      ]
    },
    {
      "mode": "managed",
      "type": "azurerm_storage_account",
      "name": "storage",
      "provider": "provider[\"registry.terraform.io/hashicorp/azurerm\"]",
      "instances": [
        {
          "schema_version": 4,
          "attributes": {
            "access_tier": "Hot",
            "account_kind": "StorageV2",
            "account_replication_type": "LRS",
            "account_tier": "Standard",
            "allow_nested_items_to_be_public": true,
            "allowed_copy_scope": "",
            "azure_files_authentication": [],
            "blob_properties": [
              {
                "change_feed_enabled": false,
                "change_feed_retention_in_days": 0,
                "container_delete_retention_policy": [],
                "cors_rule": [],
                "default_service_version": "",
                "delete_retention_policy": [],
                "last_access_time_enabled": false,
                "restore_policy": [],
                "versioning_enabled": false
              }
            ],
            "cross_tenant_replication_enabled": true,
            "custom_domain": [],
            "customer_managed_key": [],
            "default_to_oauth_authentication": false,
            "edge_zone": "",
            "enable_https_traffic_only": true,
            "id": "/subscriptions/c09a1f49-53bf-42b5-910e-a56a2722115b/resourceGroups/microscope-rg/providers/Microsoft.Storage/storageAccounts/mcspsa",
            "identity": [],
            "immutability_policy": [],
            "infrastructure_encryption_enabled": false,
            "is_hns_enabled": false,
            "large_file_share_enabled": null,
            "location": "westeurope",
            "min_tls_version": "TLS1_2",
            "name": "mcspsa",
            "network_rules": [
              {
                "bypass": [
                  "AzureServices"
                ],
                "default_action": "Allow",
                "ip_rules": [],
                "private_link_access": [],
                "virtual_network_subnet_ids": []
              }
            ],
            "nfsv3_enabled": false,
            "primary_access_key": "KStAPZ3IcCwQS9NnUm+IygUyKliN4BsG6J5jPGX+QoetKUWUhKeU6GFWyxLW13VnYkD2QuCd+3V6+AStQKTL3w==",
            "primary_blob_connection_string": "DefaultEndpointsProtocol=https;BlobEndpoint=https://mcspsa.blob.core.windows.net/;AccountName=mcspsa;AccountKey=KStAPZ3IcCwQS9NnUm+IygUyKliN4BsG6J5jPGX+QoetKUWUhKeU6GFWyxLW13VnYkD2QuCd+3V6+AStQKTL3w==",
            "primary_blob_endpoint": "https://mcspsa.blob.core.windows.net/",
            "primary_blob_host": "mcspsa.blob.core.windows.net",
            "primary_connection_string": "DefaultEndpointsProtocol=https;AccountName=mcspsa;AccountKey=KStAPZ3IcCwQS9NnUm+IygUyKliN4BsG6J5jPGX+QoetKUWUhKeU6GFWyxLW13VnYkD2QuCd+3V6+AStQKTL3w==;EndpointSuffix=core.windows.net",
            "primary_dfs_endpoint": "https://mcspsa.dfs.core.windows.net/",
            "primary_dfs_host": "mcspsa.dfs.core.windows.net",
            "primary_file_endpoint": "https://mcspsa.file.core.windows.net/",
            "primary_file_host": "mcspsa.file.core.windows.net",
            "primary_location": "westeurope",
            "primary_queue_endpoint": "https://mcspsa.queue.core.windows.net/",
            "primary_queue_host": "mcspsa.queue.core.windows.net",
            "primary_table_endpoint": "https://mcspsa.table.core.windows.net/",
            "primary_table_host": "mcspsa.table.core.windows.net",
            "primary_web_endpoint": "https://mcspsa.z6.web.core.windows.net/",
            "primary_web_host": "mcspsa.z6.web.core.windows.net",
            "public_network_access_enabled": true,
            "queue_encryption_key_type": "Service",
            "queue_properties": [
              {
                "cors_rule": [],
                "hour_metrics": [
                  {
                    "enabled": true,
                    "include_apis": true,
                    "retention_policy_days": 7,
                    "version": "1.0"
                  }
                ],
                "logging": [
                  {
                    "delete": false,
                    "read": false,
                    "retention_policy_days": 0,
                    "version": "1.0",
                    "write": false
                  }
                ],
                "minute_metrics": [
                  {
                    "enabled": false,
                    "include_apis": false,
                    "retention_policy_days": 0,
                    "version": "1.0"
                  }
                ]
              }
            ],
            "resource_group_name": "microscope-rg",
            "routing": [],
            "sas_policy": [],
            "secondary_access_key": "E+0sHW8zVyRUsyPJhqkKOzm5Qps+/Y1XPfcwadUbeBX1+tcTqa94Zt6TXYYgCLUHKSOnLha6//sD+AStzKcTNw==",
            "secondary_blob_connection_string": "",
            "secondary_blob_endpoint": null,
            "secondary_blob_host": null,
            "secondary_connection_string": "DefaultEndpointsProtocol=https;AccountName=mcspsa;AccountKey=E+0sHW8zVyRUsyPJhqkKOzm5Qps+/Y1XPfcwadUbeBX1+tcTqa94Zt6TXYYgCLUHKSOnLha6//sD+AStzKcTNw==;EndpointSuffix=core.windows.net",
            "secondary_dfs_endpoint": null,
            "secondary_dfs_host": null,
            "secondary_file_endpoint": null,
            "secondary_file_host": null,
            "secondary_location": "",
            "secondary_queue_endpoint": null,
            "secondary_queue_host": null,
            "secondary_table_endpoint": null,
            "secondary_table_host": null,
            "secondary_web_endpoint": null,
            "secondary_web_host": null,
            "sftp_enabled": false,
            "share_properties": [
              {
                "cors_rule": [],
                "retention_policy": [
                  {
                    "days": 7
                  }
                ],
                "smb": []
              }
            ],
            "shared_access_key_enabled": true,
            "static_website": [],
            "table_encryption_key_type": "Service",
            "tags": {},
            "timeouts": null
          },
          "sensitive_attributes": [],
          "private": "eyJlMmJmYjczMC1lY2FhLTExZTYtOGY4OC0zNDM2M2JjN2M0YzAiOnsiY3JlYXRlIjozNjAwMDAwMDAwMDAwLCJkZWxldGUiOjM2MDAwMDAwMDAwMDAsInJlYWQiOjMwMDAwMDAwMDAwMCwidXBkYXRlIjozNjAwMDAwMDAwMDAwfSwic2NoZW1hX3ZlcnNpb24iOiI0In0=",
          "dependencies": [
            "azurerm_resource_group.microscope_rg"
          ]
        }
      ]
    }
  ],
  "check_results": null
}
